
Microsoft Visual Studio Solution File, Format Version 11.00
# Visual Studio 2010
Project("{FAE04EC0-301F-11D3-BF4B-00C04F79EFBC}") = "Assembly-CSharp", "Assembly-CSharp.csproj", "{38c4a2aa-7c47-a477-1294-f181e131d165}"
EndProject
Project("{FAE04EC0-301F-11D3-BF4B-00C04F79EFBC}") = "Assembly-CSharp-Editor", "Assembly-CSharp-Editor.csproj", "{ac94007b-eee9-5c15-abd6-30373e5f7641}"
EndProject
Global
	GlobalSection(SolutionConfigurationPlatforms) = preSolution
		Debug|Any CPU = Debug|Any CPU
	EndGlobalSection
	GlobalSection(ProjectConfigurationPlatforms) = postSolution
		{38c4a2aa-7c47-a477-1294-f181e131d165}.Debug|Any CPU.ActiveCfg = Debug|Any CPU
		{38c4a2aa-7c47-a477-1294-f181e131d165}.Debug|Any CPU.Build.0 = Debug|Any CPU
		{ac94007b-eee9-5c15-abd6-30373e5f7641}.Debug|Any CPU.ActiveCfg = Debug|Any CPU
		{ac94007b-eee9-5c15-abd6-30373e5f7641}.Debug|Any CPU.Build.0 = Debug|Any CPU
	EndGlobalSection
	GlobalSection(SolutionProperties) = preSolution
		HideSolutionNode = FALSE
	EndGlobalSection
EndGlobal
