
Microsoft Visual Studio Solution File, Format Version 11.00
# Visual Studio 2010
Project("{FAE04EC0-301F-11D3-BF4B-00C04F79EFBC}") = "Assembly-CSharp", "Assembly-CSharp.csproj", "{AAA2C438-477C-77A4-1294-F181E131D165}"
EndProject
Project("{FAE04EC0-301F-11D3-BF4B-00C04F79EFBC}") = "Assembly-CSharp-Editor", "Assembly-CSharp-Editor.csproj", "{7B0094AC-E9EE-155C-ABD6-30373E5F7641}"
EndProject
Global
	GlobalSection(SolutionConfigurationPlatforms) = preSolution
		Debug|Any CPU = Debug|Any CPU
		Release|Any CPU = Release|Any CPU
	EndGlobalSection
	GlobalSection(ProjectConfigurationPlatforms) = postSolution
		{AAA2C438-477C-77A4-1294-F181E131D165}.Debug|Any CPU.ActiveCfg = Debug|Any CPU
		{AAA2C438-477C-77A4-1294-F181E131D165}.Debug|Any CPU.Build.0 = Debug|Any CPU
		{AAA2C438-477C-77A4-1294-F181E131D165}.Release|Any CPU.ActiveCfg = Release|Any CPU
		{AAA2C438-477C-77A4-1294-F181E131D165}.Release|Any CPU.Build.0 = Release|Any CPU
		{7B0094AC-E9EE-155C-ABD6-30373E5F7641}.Debug|Any CPU.ActiveCfg = Debug|Any CPU
		{7B0094AC-E9EE-155C-ABD6-30373E5F7641}.Debug|Any CPU.Build.0 = Debug|Any CPU
		{7B0094AC-E9EE-155C-ABD6-30373E5F7641}.Release|Any CPU.ActiveCfg = Release|Any CPU
		{7B0094AC-E9EE-155C-ABD6-30373E5F7641}.Release|Any CPU.Build.0 = Release|Any CPU
	EndGlobalSection
	GlobalSection(SolutionProperties) = preSolution
		HideSolutionNode = FALSE
	EndGlobalSection
EndGlobal
